
Microsoft Visual Studio Solution File, Format Version 12.00
# Visual Studio Version 16
VisualStudioVersion = 16.0.31410.357
MinimumVisualStudioVersion = 10.0.40219.1
Project("{FAE04EC0-301F-11D3-BF4B-00C04F79EFBC}") = "Api", "Api\Api.csproj", "{DCE87461-8CE1-4DC1-8006-CA9659A13B15}"
EndProject
Project("{FAE04EC0-301F-11D3-BF4B-00C04F79EFBC}") = "Core", "Core\Core.csproj", "{D605B527-481D-454C-94EB-73C248033C3B}"
EndProject
Project("{FAE04EC0-301F-11D3-BF4B-00C04F79EFBC}") = "Infraestructure", "Infraestructure\Infraestructure.csproj", "{7601FE4B-6798-48A1-9F27-7345C840713D}"
EndProject
Project("{2150E333-8FDC-42A3-9474-1A3956D46DE8}") = "Test", "Test", "{16DD9448-46AF-4045-BF9A-D3CBD26307B9}"
EndProject
Project("{FAE04EC0-301F-11D3-BF4B-00C04F79EFBC}") = "TestIntagration", "TestIntagration\TestIntagration.csproj", "{44E73646-C446-4D33-93E4-6C87AF6D9D9B}"
EndProject
Project("{FAE04EC0-301F-11D3-BF4B-00C04F79EFBC}") = "TestUnit", "TestUnit\TestUnit.csproj", "{1E6DD968-365A-4C95-8186-C8C7AEC18527}"
EndProject
Global
	GlobalSection(SolutionConfigurationPlatforms) = preSolution
		Debug|Any CPU = Debug|Any CPU
		Release|Any CPU = Release|Any CPU
	EndGlobalSection
	GlobalSection(ProjectConfigurationPlatforms) = postSolution
		{DCE87461-8CE1-4DC1-8006-CA9659A13B15}.Debug|Any CPU.ActiveCfg = Debug|Any CPU
		{DCE87461-8CE1-4DC1-8006-CA9659A13B15}.Debug|Any CPU.Build.0 = Debug|Any CPU
		{DCE87461-8CE1-4DC1-8006-CA9659A13B15}.Release|Any CPU.ActiveCfg = Release|Any CPU
		{DCE87461-8CE1-4DC1-8006-CA9659A13B15}.Release|Any CPU.Build.0 = Release|Any CPU
		{D605B527-481D-454C-94EB-73C248033C3B}.Debug|Any CPU.ActiveCfg = Debug|Any CPU
		{D605B527-481D-454C-94EB-73C248033C3B}.Debug|Any CPU.Build.0 = Debug|Any CPU
		{D605B527-481D-454C-94EB-73C248033C3B}.Release|Any CPU.ActiveCfg = Release|Any CPU
		{D605B527-481D-454C-94EB-73C248033C3B}.Release|Any CPU.Build.0 = Release|Any CPU
		{7601FE4B-6798-48A1-9F27-7345C840713D}.Debug|Any CPU.ActiveCfg = Debug|Any CPU
		{7601FE4B-6798-48A1-9F27-7345C840713D}.Debug|Any CPU.Build.0 = Debug|Any CPU
		{7601FE4B-6798-48A1-9F27-7345C840713D}.Release|Any CPU.ActiveCfg = Release|Any CPU
		{7601FE4B-6798-48A1-9F27-7345C840713D}.Release|Any CPU.Build.0 = Release|Any CPU
		{44E73646-C446-4D33-93E4-6C87AF6D9D9B}.Debug|Any CPU.ActiveCfg = Debug|Any CPU
		{44E73646-C446-4D33-93E4-6C87AF6D9D9B}.Debug|Any CPU.Build.0 = Debug|Any CPU
		{44E73646-C446-4D33-93E4-6C87AF6D9D9B}.Release|Any CPU.ActiveCfg = Release|Any CPU
		{44E73646-C446-4D33-93E4-6C87AF6D9D9B}.Release|Any CPU.Build.0 = Release|Any CPU
		{1E6DD968-365A-4C95-8186-C8C7AEC18527}.Debug|Any CPU.ActiveCfg = Debug|Any CPU
		{1E6DD968-365A-4C95-8186-C8C7AEC18527}.Debug|Any CPU.Build.0 = Debug|Any CPU
		{1E6DD968-365A-4C95-8186-C8C7AEC18527}.Release|Any CPU.ActiveCfg = Release|Any CPU
		{1E6DD968-365A-4C95-8186-C8C7AEC18527}.Release|Any CPU.Build.0 = Release|Any CPU
	EndGlobalSection
	GlobalSection(SolutionProperties) = preSolution
		HideSolutionNode = FALSE
	EndGlobalSection
	GlobalSection(NestedProjects) = preSolution
		{44E73646-C446-4D33-93E4-6C87AF6D9D9B} = {16DD9448-46AF-4045-BF9A-D3CBD26307B9}
		{1E6DD968-365A-4C95-8186-C8C7AEC18527} = {16DD9448-46AF-4045-BF9A-D3CBD26307B9}
	EndGlobalSection
	GlobalSection(ExtensibilityGlobals) = postSolution
		SolutionGuid = {2DD550E6-3FD9-4676-9C4C-9A8F7D16EA8F}
	EndGlobalSection
EndGlobal
